
Microsoft Visual Studio Solution File, Format Version 12.00
# Visual Studio 14
VisualStudioVersion = 14.0.25420.1
MinimumVisualStudioVersion = 10.0.40219.1
Project("{8BC9CEB8-8B4A-11D0-8D11-00A0C91BC942}") = "demo1", "demo1\demo1.vcxproj", "{070ACEF5-E177-4914-B961-62A8605D13A3}"
EndProject
Project("{8BC9CEB8-8B4A-11D0-8D11-00A0C91BC942}") = "demo2", "demo2\demo2.vcxproj", "{9CAB0EF0-3CA2-401B-BE6E-2C4E7B3FD068}"
EndProject
Project("{8BC9CEB8-8B4A-11D0-8D11-00A0C91BC942}") = "demo3", "demo3\demo3.vcxproj", "{18E584F3-0D6E-4A40-A7F3-3C28FC5D5708}"
EndProject
Project("{8BC9CEB8-8B4A-11D0-8D11-00A0C91BC942}") = "demo2-sq", "demo2-sq\demo2-sq.vcxproj", "{91929CA2-2079-4289-88BA-E00D1F296854}"
EndProject
Project("{8BC9CEB8-8B4A-11D0-8D11-00A0C91BC942}") = "d3d11demo1", "d3d11demo1\d3d11demo1.vcxproj", "{41FE9F92-2893-4B8C-9207-02057F63A57D}"
EndProject
Project("{8BC9CEB8-8B4A-11D0-8D11-00A0C91BC942}") = "d3d11demo2", "d3d11demo2\d3d11demo2.vcxproj", "{7128858B-EF91-408E-BBEF-E128BF3BDDF7}"
EndProject
Project("{8BC9CEB8-8B4A-11D0-8D11-00A0C91BC942}") = "d3d11demo2-sq", "d3d11demo2-sq\d3d11demo2-sq.vcxproj", "{EAB5A0D7-0CD2-4793-A9E8-981DE9DC30AA}"
EndProject
Global
	GlobalSection(SolutionConfigurationPlatforms) = preSolution
		Debug|x64 = Debug|x64
		Debug|x86 = Debug|x86
		Release|x64 = Release|x64
		Release|x86 = Release|x86
	EndGlobalSection
	GlobalSection(ProjectConfigurationPlatforms) = postSolution
		{070ACEF5-E177-4914-B961-62A8605D13A3}.Debug|x64.ActiveCfg = Debug|x64
		{070ACEF5-E177-4914-B961-62A8605D13A3}.Debug|x64.Build.0 = Debug|x64
		{070ACEF5-E177-4914-B961-62A8605D13A3}.Debug|x86.ActiveCfg = Debug|x64
		{070ACEF5-E177-4914-B961-62A8605D13A3}.Debug|x86.Build.0 = Debug|x64
		{070ACEF5-E177-4914-B961-62A8605D13A3}.Release|x64.ActiveCfg = Release|x64
		{070ACEF5-E177-4914-B961-62A8605D13A3}.Release|x64.Build.0 = Release|x64
		{070ACEF5-E177-4914-B961-62A8605D13A3}.Release|x86.ActiveCfg = Release|Win32
		{070ACEF5-E177-4914-B961-62A8605D13A3}.Release|x86.Build.0 = Release|Win32
		{9CAB0EF0-3CA2-401B-BE6E-2C4E7B3FD068}.Debug|x64.ActiveCfg = Debug|x64
		{9CAB0EF0-3CA2-401B-BE6E-2C4E7B3FD068}.Debug|x64.Build.0 = Debug|x64
		{9CAB0EF0-3CA2-401B-BE6E-2C4E7B3FD068}.Debug|x86.ActiveCfg = Debug|Win32
		{9CAB0EF0-3CA2-401B-BE6E-2C4E7B3FD068}.Debug|x86.Build.0 = Debug|Win32
		{9CAB0EF0-3CA2-401B-BE6E-2C4E7B3FD068}.Release|x64.ActiveCfg = Release|x64
		{9CAB0EF0-3CA2-401B-BE6E-2C4E7B3FD068}.Release|x64.Build.0 = Release|x64
		{9CAB0EF0-3CA2-401B-BE6E-2C4E7B3FD068}.Release|x86.ActiveCfg = Release|Win32
		{9CAB0EF0-3CA2-401B-BE6E-2C4E7B3FD068}.Release|x86.Build.0 = Release|Win32
		{18E584F3-0D6E-4A40-A7F3-3C28FC5D5708}.Debug|x64.ActiveCfg = Debug|x64
		{18E584F3-0D6E-4A40-A7F3-3C28FC5D5708}.Debug|x64.Build.0 = Debug|x64
		{18E584F3-0D6E-4A40-A7F3-3C28FC5D5708}.Debug|x86.ActiveCfg = Debug|Win32
		{18E584F3-0D6E-4A40-A7F3-3C28FC5D5708}.Debug|x86.Build.0 = Debug|Win32
		{18E584F3-0D6E-4A40-A7F3-3C28FC5D5708}.Release|x64.ActiveCfg = Release|x64
		{18E584F3-0D6E-4A40-A7F3-3C28FC5D5708}.Release|x64.Build.0 = Release|x64
		{18E584F3-0D6E-4A40-A7F3-3C28FC5D5708}.Release|x86.ActiveCfg = Release|Win32
		{18E584F3-0D6E-4A40-A7F3-3C28FC5D5708}.Release|x86.Build.0 = Release|Win32
		{91929CA2-2079-4289-88BA-E00D1F296854}.Debug|x64.ActiveCfg = Debug|x64
		{91929CA2-2079-4289-88BA-E00D1F296854}.Debug|x64.Build.0 = Debug|x64
		{91929CA2-2079-4289-88BA-E00D1F296854}.Debug|x86.ActiveCfg = Debug|Win32
		{91929CA2-2079-4289-88BA-E00D1F296854}.Debug|x86.Build.0 = Debug|Win32
		{91929CA2-2079-4289-88BA-E00D1F296854}.Release|x64.ActiveCfg = Release|x64
		{91929CA2-2079-4289-88BA-E00D1F296854}.Release|x64.Build.0 = Release|x64
		{91929CA2-2079-4289-88BA-E00D1F296854}.Release|x86.ActiveCfg = Release|Win32
		{91929CA2-2079-4289-88BA-E00D1F296854}.Release|x86.Build.0 = Release|Win32
		{41FE9F92-2893-4B8C-9207-02057F63A57D}.Debug|x64.ActiveCfg = Debug|x64
		{41FE9F92-2893-4B8C-9207-02057F63A57D}.Debug|x64.Build.0 = Debug|x64
		{41FE9F92-2893-4B8C-9207-02057F63A57D}.Debug|x86.ActiveCfg = Debug|Win32
		{41FE9F92-2893-4B8C-9207-02057F63A57D}.Debug|x86.Build.0 = Debug|Win32
		{41FE9F92-2893-4B8C-9207-02057F63A57D}.Release|x64.ActiveCfg = Release|x64
		{41FE9F92-2893-4B8C-9207-02057F63A57D}.Release|x64.Build.0 = Release|x64
		{41FE9F92-2893-4B8C-9207-02057F63A57D}.Release|x86.ActiveCfg = Release|Win32
		{41FE9F92-2893-4B8C-9207-02057F63A57D}.Release|x86.Build.0 = Release|Win32
		{7128858B-EF91-408E-BBEF-E128BF3BDDF7}.Debug|x64.ActiveCfg = Debug|x64
		{7128858B-EF91-408E-BBEF-E128BF3BDDF7}.Debug|x64.Build.0 = Debug|x64
		{7128858B-EF91-408E-BBEF-E128BF3BDDF7}.Debug|x86.ActiveCfg = Debug|Win32
		{7128858B-EF91-408E-BBEF-E128BF3BDDF7}.Debug|x86.Build.0 = Debug|Win32
		{7128858B-EF91-408E-BBEF-E128BF3BDDF7}.Release|x64.ActiveCfg = Release|x64
		{7128858B-EF91-408E-BBEF-E128BF3BDDF7}.Release|x64.Build.0 = Release|x64
		{7128858B-EF91-408E-BBEF-E128BF3BDDF7}.Release|x86.ActiveCfg = Release|Win32
		{7128858B-EF91-408E-BBEF-E128BF3BDDF7}.Release|x86.Build.0 = Release|Win32
		{EAB5A0D7-0CD2-4793-A9E8-981DE9DC30AA}.Debug|x64.ActiveCfg = Debug|x64
		{EAB5A0D7-0CD2-4793-A9E8-981DE9DC30AA}.Debug|x64.Build.0 = Debug|x64
		{EAB5A0D7-0CD2-4793-A9E8-981DE9DC30AA}.Debug|x86.ActiveCfg = Debug|Win32
		{EAB5A0D7-0CD2-4793-A9E8-981DE9DC30AA}.Debug|x86.Build.0 = Debug|Win32
		{EAB5A0D7-0CD2-4793-A9E8-981DE9DC30AA}.Release|x64.ActiveCfg = Release|x64
		{EAB5A0D7-0CD2-4793-A9E8-981DE9DC30AA}.Release|x64.Build.0 = Release|x64
		{EAB5A0D7-0CD2-4793-A9E8-981DE9DC30AA}.Release|x86.ActiveCfg = Release|Win32
		{EAB5A0D7-0CD2-4793-A9E8-981DE9DC30AA}.Release|x86.Build.0 = Release|Win32
	EndGlobalSection
	GlobalSection(SolutionProperties) = preSolution
		HideSolutionNode = FALSE
	EndGlobalSection
EndGlobal
